
Microsoft Visual Studio Solution File, Format Version 12.00
# Visual Studio 2013
VisualStudioVersion = 12.0.31101.0
MinimumVisualStudioVersion = 10.0.40219.1
Project("{FAE04EC0-301F-11D3-BF4B-00C04F79EFBC}") = "bkStore", "bkStore\bkStore.csproj", "{B91AFA95-4692-420C-97C3-B916A216D1E4}"
	ProjectSection(ProjectDependencies) = postProject
		{3FDC6B43-2508-4366-B00C-BE00BD0811C0} = {3FDC6B43-2508-4366-B00C-BE00BD0811C0}
	EndProjectSection
EndProject
Project("{FAE04EC0-301F-11D3-BF4B-00C04F79EFBC}") = "DataSource", "DataSource\DataSource.csproj", "{1C47F151-5DE5-4FAA-B98D-00E3F9F2C3F9}"
EndProject
Project("{FAE04EC0-301F-11D3-BF4B-00C04F79EFBC}") = "testWcf", "testWcf\testWcf.csproj", "{3FDC6B43-2508-4366-B00C-BE00BD0811C0}"
EndProject
Global
	GlobalSection(SolutionConfigurationPlatforms) = preSolution
		Debug|Any CPU = Debug|Any CPU
		Release|Any CPU = Release|Any CPU
	EndGlobalSection
	GlobalSection(ProjectConfigurationPlatforms) = postSolution
		{B91AFA95-4692-420C-97C3-B916A216D1E4}.Debug|Any CPU.ActiveCfg = Debug|Any CPU
		{B91AFA95-4692-420C-97C3-B916A216D1E4}.Debug|Any CPU.Build.0 = Debug|Any CPU
		{B91AFA95-4692-420C-97C3-B916A216D1E4}.Release|Any CPU.ActiveCfg = Release|Any CPU
		{B91AFA95-4692-420C-97C3-B916A216D1E4}.Release|Any CPU.Build.0 = Release|Any CPU
		{1C47F151-5DE5-4FAA-B98D-00E3F9F2C3F9}.Debug|Any CPU.ActiveCfg = Debug|Any CPU
		{1C47F151-5DE5-4FAA-B98D-00E3F9F2C3F9}.Debug|Any CPU.Build.0 = Debug|Any CPU
		{1C47F151-5DE5-4FAA-B98D-00E3F9F2C3F9}.Release|Any CPU.ActiveCfg = Release|Any CPU
		{1C47F151-5DE5-4FAA-B98D-00E3F9F2C3F9}.Release|Any CPU.Build.0 = Release|Any CPU
		{3FDC6B43-2508-4366-B00C-BE00BD0811C0}.Debug|Any CPU.ActiveCfg = Debug|Any CPU
		{3FDC6B43-2508-4366-B00C-BE00BD0811C0}.Debug|Any CPU.Build.0 = Debug|Any CPU
		{3FDC6B43-2508-4366-B00C-BE00BD0811C0}.Release|Any CPU.ActiveCfg = Release|Any CPU
		{3FDC6B43-2508-4366-B00C-BE00BD0811C0}.Release|Any CPU.Build.0 = Release|Any CPU
	EndGlobalSection
	GlobalSection(SolutionProperties) = preSolution
		HideSolutionNode = FALSE
	EndGlobalSection
EndGlobal
